
Microsoft Visual Studio Solution File, Format Version 12.00
# Visual Studio Version 17
VisualStudioVersion = 17.11.35222.181
MinimumVisualStudioVersion = 10.0.40219.1
Project("{FAE04EC0-301F-11D3-BF4B-00C04F79EFBC}") = "aTool", "aTool\aTool.csproj", "{EBEAD16C-2F9D-40EA-B016-D0B3547AEF25}"
EndProject
Global
	GlobalSection(SolutionConfigurationPlatforms) = preSolution
		Debug|Any CPU = Debug|Any CPU
		Release|Any CPU = Release|Any CPU
	EndGlobalSection
	GlobalSection(ProjectConfigurationPlatforms) = postSolution
		{EBEAD16C-2F9D-40EA-B016-D0B3547AEF25}.Debug|Any CPU.ActiveCfg = Debug|Any CPU
		{EBEAD16C-2F9D-40EA-B016-D0B3547AEF25}.Debug|Any CPU.Build.0 = Debug|Any CPU
		{EBEAD16C-2F9D-40EA-B016-D0B3547AEF25}.Release|Any CPU.ActiveCfg = Release|Any CPU
		{EBEAD16C-2F9D-40EA-B016-D0B3547AEF25}.Release|Any CPU.Build.0 = Release|Any CPU
	EndGlobalSection
	GlobalSection(SolutionProperties) = preSolution
		HideSolutionNode = FALSE
	EndGlobalSection
	GlobalSection(ExtensibilityGlobals) = postSolution
		SolutionGuid = {0AB3A2FE-4B16-4BA3-9DB5-E95650567B7E}
	EndGlobalSection
EndGlobal
